
Microsoft Visual Studio Solution File, Format Version 12.00
# Visual Studio Version 16
VisualStudioVersion = 16.0.31424.327
MinimumVisualStudioVersion = 10.0.40219.1
Project("{FAE04EC0-301F-11D3-BF4B-00C04F79EFBC}") = "CuaHangThueDia", "CuaHangThueDia\CuaHangThueDia.csproj", "{AABBFCE3-49BC-4ACB-83CF-79CAAB057FA8}"
EndProject
Global
	GlobalSection(SolutionConfigurationPlatforms) = preSolution
		Debug|Any CPU = Debug|Any CPU
		Release|Any CPU = Release|Any CPU
	EndGlobalSection
	GlobalSection(ProjectConfigurationPlatforms) = postSolution
		{AABBFCE3-49BC-4ACB-83CF-79CAAB057FA8}.Debug|Any CPU.ActiveCfg = Debug|Any CPU
		{AABBFCE3-49BC-4ACB-83CF-79CAAB057FA8}.Debug|Any CPU.Build.0 = Debug|Any CPU
		{AABBFCE3-49BC-4ACB-83CF-79CAAB057FA8}.Release|Any CPU.ActiveCfg = Release|Any CPU
		{AABBFCE3-49BC-4ACB-83CF-79CAAB057FA8}.Release|Any CPU.Build.0 = Release|Any CPU
	EndGlobalSection
	GlobalSection(SolutionProperties) = preSolution
		HideSolutionNode = FALSE
	EndGlobalSection
	GlobalSection(ExtensibilityGlobals) = postSolution
		SolutionGuid = {D3396EB2-E0A6-4306-93E2-0E92EE17D3E5}
	EndGlobalSection
EndGlobal
